
Microsoft Visual Studio Solution File, Format Version 12.00
# Visual Studio 15
VisualStudioVersion = 15.0.28307.168
MinimumVisualStudioVersion = 10.0.40219.1
Project("{FAE04EC0-301F-11D3-BF4B-00C04F79EFBC}") = "XamarinTutorialApp.Android", "XamarinTutorialApp\XamarinTutorialApp.Android\XamarinTutorialApp.Android.csproj", "{E45ED3CB-FA3B-42AE-AEB9-36D31EA609A0}"
EndProject
Project("{FAE04EC0-301F-11D3-BF4B-00C04F79EFBC}") = "XamarinTutorialApp.iOS", "XamarinTutorialApp\XamarinTutorialApp.iOS\XamarinTutorialApp.iOS.csproj", "{1BB8ADF0-F341-4CAA-8E16-537824FDD2B6}"
EndProject
Project("{FAE04EC0-301F-11D3-BF4B-00C04F79EFBC}") = "XamarinTutorialApp.UWP", "XamarinTutorialApp\XamarinTutorialApp.UWP\XamarinTutorialApp.UWP.csproj", "{73CDE12B-F411-4A9D-AC1F-D3E6B8A8FD57}"
EndProject
Project("{FAE04EC0-301F-11D3-BF4B-00C04F79EFBC}") = "XamarinTutorialApp", "XamarinTutorialApp\XamarinTutorialApp\XamarinTutorialApp.csproj", "{ABD8BF48-2B0F-4E86-8B6D-47C313260E96}"
EndProject
Global
	GlobalSection(SolutionConfigurationPlatforms) = preSolution
		Ad-Hoc|Any CPU = Ad-Hoc|Any CPU
		Ad-Hoc|ARM = Ad-Hoc|ARM
		Ad-Hoc|iPhone = Ad-Hoc|iPhone
		Ad-Hoc|iPhoneSimulator = Ad-Hoc|iPhoneSimulator
		Ad-Hoc|x64 = Ad-Hoc|x64
		Ad-Hoc|x86 = Ad-Hoc|x86
		AppStore|Any CPU = AppStore|Any CPU
		AppStore|ARM = AppStore|ARM
		AppStore|iPhone = AppStore|iPhone
		AppStore|iPhoneSimulator = AppStore|iPhoneSimulator
		AppStore|x64 = AppStore|x64
		AppStore|x86 = AppStore|x86
		Debug|Any CPU = Debug|Any CPU
		Debug|ARM = Debug|ARM
		Debug|iPhone = Debug|iPhone
		Debug|iPhoneSimulator = Debug|iPhoneSimulator
		Debug|x64 = Debug|x64
		Debug|x86 = Debug|x86
		Release|Any CPU = Release|Any CPU
		Release|ARM = Release|ARM
		Release|iPhone = Release|iPhone
		Release|iPhoneSimulator = Release|iPhoneSimulator
		Release|x64 = Release|x64
		Release|x86 = Release|x86
	EndGlobalSection
	GlobalSection(ProjectConfigurationPlatforms) = postSolution
		{E45ED3CB-FA3B-42AE-AEB9-36D31EA609A0}.Ad-Hoc|Any CPU.ActiveCfg = Release|Any CPU
		{E45ED3CB-FA3B-42AE-AEB9-36D31EA609A0}.Ad-Hoc|Any CPU.Build.0 = Release|Any CPU
		{E45ED3CB-FA3B-42AE-AEB9-36D31EA609A0}.Ad-Hoc|Any CPU.Deploy.0 = Release|Any CPU
		{E45ED3CB-FA3B-42AE-AEB9-36D31EA609A0}.Ad-Hoc|ARM.ActiveCfg = Release|Any CPU
		{E45ED3CB-FA3B-42AE-AEB9-36D31EA609A0}.Ad-Hoc|ARM.Build.0 = Release|Any CPU
		{E45ED3CB-FA3B-42AE-AEB9-36D31EA609A0}.Ad-Hoc|ARM.Deploy.0 = Release|Any CPU
		{E45ED3CB-FA3B-42AE-AEB9-36D31EA609A0}.Ad-Hoc|iPhone.ActiveCfg = Release|Any CPU
		{E45ED3CB-FA3B-42AE-AEB9-36D31EA609A0}.Ad-Hoc|iPhone.Build.0 = Release|Any CPU
		{E45ED3CB-FA3B-42AE-AEB9-36D31EA609A0}.Ad-Hoc|iPhone.Deploy.0 = Release|Any CPU
		{E45ED3CB-FA3B-42AE-AEB9-36D31EA609A0}.Ad-Hoc|iPhoneSimulator.ActiveCfg = Release|Any CPU
		{E45ED3CB-FA3B-42AE-AEB9-36D31EA609A0}.Ad-Hoc|iPhoneSimulator.Build.0 = Release|Any CPU
		{E45ED3CB-FA3B-42AE-AEB9-36D31EA609A0}.Ad-Hoc|iPhoneSimulator.Deploy.0 = Release|Any CPU
		{E45ED3CB-FA3B-42AE-AEB9-36D31EA609A0}.Ad-Hoc|x64.ActiveCfg = Release|Any CPU
		{E45ED3CB-FA3B-42AE-AEB9-36D31EA609A0}.Ad-Hoc|x64.Build.0 = Release|Any CPU
		{E45ED3CB-FA3B-42AE-AEB9-36D31EA609A0}.Ad-Hoc|x64.Deploy.0 = Release|Any CPU
		{E45ED3CB-FA3B-42AE-AEB9-36D31EA609A0}.Ad-Hoc|x86.ActiveCfg = Release|Any CPU
		{E45ED3CB-FA3B-42AE-AEB9-36D31EA609A0}.Ad-Hoc|x86.Build.0 = Release|Any CPU
		{E45ED3CB-FA3B-42AE-AEB9-36D31EA609A0}.Ad-Hoc|x86.Deploy.0 = Release|Any CPU
		{E45ED3CB-FA3B-42AE-AEB9-36D31EA609A0}.AppStore|Any CPU.ActiveCfg = Release|Any CPU
		{E45ED3CB-FA3B-42AE-AEB9-36D31EA609A0}.AppStore|Any CPU.Build.0 = Release|Any CPU
		{E45ED3CB-FA3B-42AE-AEB9-36D31EA609A0}.AppStore|Any CPU.Deploy.0 = Release|Any CPU
		{E45ED3CB-FA3B-42AE-AEB9-36D31EA609A0}.AppStore|ARM.ActiveCfg = Release|Any CPU
		{E45ED3CB-FA3B-42AE-AEB9-36D31EA609A0}.AppStore|ARM.Build.0 = Release|Any CPU
		{E45ED3CB-FA3B-42AE-AEB9-36D31EA609A0}.AppStore|ARM.Deploy.0 = Release|Any CPU
		{E45ED3CB-FA3B-42AE-AEB9-36D31EA609A0}.AppStore|iPhone.ActiveCfg = Release|Any CPU
		{E45ED3CB-FA3B-42AE-AEB9-36D31EA609A0}.AppStore|iPhone.Build.0 = Release|Any CPU
		{E45ED3CB-FA3B-42AE-AEB9-36D31EA609A0}.AppStore|iPhone.Deploy.0 = Release|Any CPU
		{E45ED3CB-FA3B-42AE-AEB9-36D31EA609A0}.AppStore|iPhoneSimulator.ActiveCfg = Release|Any CPU
		{E45ED3CB-FA3B-42AE-AEB9-36D31EA609A0}.AppStore|iPhoneSimulator.Build.0 = Release|Any CPU
		{E45ED3CB-FA3B-42AE-AEB9-36D31EA609A0}.AppStore|iPhoneSimulator.Deploy.0 = Release|Any CPU
		{E45ED3CB-FA3B-42AE-AEB9-36D31EA609A0}.AppStore|x64.ActiveCfg = Release|Any CPU
		{E45ED3CB-FA3B-42AE-AEB9-36D31EA609A0}.AppStore|x64.Build.0 = Release|Any CPU
		{E45ED3CB-FA3B-42AE-AEB9-36D31EA609A0}.AppStore|x64.Deploy.0 = Release|Any CPU
		{E45ED3CB-FA3B-42AE-AEB9-36D31EA609A0}.AppStore|x86.ActiveCfg = Release|Any CPU
		{E45ED3CB-FA3B-42AE-AEB9-36D31EA609A0}.AppStore|x86.Build.0 = Release|Any CPU
		{E45ED3CB-FA3B-42AE-AEB9-36D31EA609A0}.AppStore|x86.Deploy.0 = Release|Any CPU
		{E45ED3CB-FA3B-42AE-AEB9-36D31EA609A0}.Debug|Any CPU.ActiveCfg = Debug|Any CPU
		{E45ED3CB-FA3B-42AE-AEB9-36D31EA609A0}.Debug|Any CPU.Build.0 = Debug|Any CPU
		{E45ED3CB-FA3B-42AE-AEB9-36D31EA609A0}.Debug|Any CPU.Deploy.0 = Debug|Any CPU
		{E45ED3CB-FA3B-42AE-AEB9-36D31EA609A0}.Debug|ARM.ActiveCfg = Debug|Any CPU
		{E45ED3CB-FA3B-42AE-AEB9-36D31EA609A0}.Debug|ARM.Build.0 = Debug|Any CPU
		{E45ED3CB-FA3B-42AE-AEB9-36D31EA609A0}.Debug|ARM.Deploy.0 = Debug|Any CPU
		{E45ED3CB-FA3B-42AE-AEB9-36D31EA609A0}.Debug|iPhone.ActiveCfg = Debug|Any CPU
		{E45ED3CB-FA3B-42AE-AEB9-36D31EA609A0}.Debug|iPhone.Build.0 = Debug|Any CPU
		{E45ED3CB-FA3B-42AE-AEB9-36D31EA609A0}.Debug|iPhone.Deploy.0 = Debug|Any CPU
		{E45ED3CB-FA3B-42AE-AEB9-36D31EA609A0}.Debug|iPhoneSimulator.ActiveCfg = Debug|Any CPU
		{E45ED3CB-FA3B-42AE-AEB9-36D31EA609A0}.Debug|iPhoneSimulator.Build.0 = Debug|Any CPU
		{E45ED3CB-FA3B-42AE-AEB9-36D31EA609A0}.Debug|iPhoneSimulator.Deploy.0 = Debug|Any CPU
		{E45ED3CB-FA3B-42AE-AEB9-36D31EA609A0}.Debug|x64.ActiveCfg = Debug|Any CPU
		{E45ED3CB-FA3B-42AE-AEB9-36D31EA609A0}.Debug|x64.Build.0 = Debug|Any CPU
		{E45ED3CB-FA3B-42AE-AEB9-36D31EA609A0}.Debug|x64.Deploy.0 = Debug|Any CPU
		{E45ED3CB-FA3B-42AE-AEB9-36D31EA609A0}.Debug|x86.ActiveCfg = Debug|Any CPU
		{E45ED3CB-FA3B-42AE-AEB9-36D31EA609A0}.Debug|x86.Build.0 = Debug|Any CPU
		{E45ED3CB-FA3B-42AE-AEB9-36D31EA609A0}.Debug|x86.Deploy.0 = Debug|Any CPU
		{E45ED3CB-FA3B-42AE-AEB9-36D31EA609A0}.Release|Any CPU.ActiveCfg = Release|Any CPU
		{E45ED3CB-FA3B-42AE-AEB9-36D31EA609A0}.Release|Any CPU.Build.0 = Release|Any CPU
		{E45ED3CB-FA3B-42AE-AEB9-36D31EA609A0}.Release|Any CPU.Deploy.0 = Release|Any CPU
		{E45ED3CB-FA3B-42AE-AEB9-36D31EA609A0}.Release|ARM.ActiveCfg = Release|Any CPU
		{E45ED3CB-FA3B-42AE-AEB9-36D31EA609A0}.Release|ARM.Build.0 = Release|Any CPU
		{E45ED3CB-FA3B-42AE-AEB9-36D31EA609A0}.Release|ARM.Deploy.0 = Release|Any CPU
		{E45ED3CB-FA3B-42AE-AEB9-36D31EA609A0}.Release|iPhone.ActiveCfg = Release|Any CPU
		{E45ED3CB-FA3B-42AE-AEB9-36D31EA609A0}.Release|iPhone.Build.0 = Release|Any CPU
		{E45ED3CB-FA3B-42AE-AEB9-36D31EA609A0}.Release|iPhone.Deploy.0 = Release|Any CPU
		{E45ED3CB-FA3B-42AE-AEB9-36D31EA609A0}.Release|iPhoneSimulator.ActiveCfg = Release|Any CPU
		{E45ED3CB-FA3B-42AE-AEB9-36D31EA609A0}.Release|iPhoneSimulator.Build.0 = Release|Any CPU
		{E45ED3CB-FA3B-42AE-AEB9-36D31EA609A0}.Release|iPhoneSimulator.Deploy.0 = Release|Any CPU
		{E45ED3CB-FA3B-42AE-AEB9-36D31EA609A0}.Release|x64.ActiveCfg = Release|Any CPU
		{E45ED3CB-FA3B-42AE-AEB9-36D31EA609A0}.Release|x64.Build.0 = Release|Any CPU
		{E45ED3CB-FA3B-42AE-AEB9-36D31EA609A0}.Release|x64.Deploy.0 = Release|Any CPU
		{E45ED3CB-FA3B-42AE-AEB9-36D31EA609A0}.Release|x86.ActiveCfg = Release|Any CPU
		{E45ED3CB-FA3B-42AE-AEB9-36D31EA609A0}.Release|x86.Build.0 = Release|Any CPU
		{E45ED3CB-FA3B-42AE-AEB9-36D31EA609A0}.Release|x86.Deploy.0 = Release|Any CPU
		{1BB8ADF0-F341-4CAA-8E16-537824FDD2B6}.Ad-Hoc|Any CPU.ActiveCfg = Ad-Hoc|iPhone
		{1BB8ADF0-F341-4CAA-8E16-537824FDD2B6}.Ad-Hoc|Any CPU.Build.0 = Ad-Hoc|iPhone
		{1BB8ADF0-F341-4CAA-8E16-537824FDD2B6}.Ad-Hoc|Any CPU.Deploy.0 = Ad-Hoc|iPhone
		{1BB8ADF0-F341-4CAA-8E16-537824FDD2B6}.Ad-Hoc|ARM.ActiveCfg = Ad-Hoc|iPhone
		{1BB8ADF0-F341-4CAA-8E16-537824FDD2B6}.Ad-Hoc|ARM.Build.0 = Ad-Hoc|iPhone
		{1BB8ADF0-F341-4CAA-8E16-537824FDD2B6}.Ad-Hoc|ARM.Deploy.0 = Ad-Hoc|iPhone
		{1BB8ADF0-F341-4CAA-8E16-537824FDD2B6}.Ad-Hoc|iPhone.ActiveCfg = Ad-Hoc|iPhone
		{1BB8ADF0-F341-4CAA-8E16-537824FDD2B6}.Ad-Hoc|iPhone.Build.0 = Ad-Hoc|iPhone
		{1BB8ADF0-F341-4CAA-8E16-537824FDD2B6}.Ad-Hoc|iPhone.Deploy.0 = Ad-Hoc|iPhone
		{1BB8ADF0-F341-4CAA-8E16-537824FDD2B6}.Ad-Hoc|iPhoneSimulator.ActiveCfg = Ad-Hoc|iPhoneSimulator
		{1BB8ADF0-F341-4CAA-8E16-537824FDD2B6}.Ad-Hoc|iPhoneSimulator.Build.0 = Ad-Hoc|iPhoneSimulator
		{1BB8ADF0-F341-4CAA-8E16-537824FDD2B6}.Ad-Hoc|iPhoneSimulator.Deploy.0 = Ad-Hoc|iPhoneSimulator
		{1BB8ADF0-F341-4CAA-8E16-537824FDD2B6}.Ad-Hoc|x64.ActiveCfg = Ad-Hoc|iPhone
		{1BB8ADF0-F341-4CAA-8E16-537824FDD2B6}.Ad-Hoc|x64.Build.0 = Ad-Hoc|iPhone
		{1BB8ADF0-F341-4CAA-8E16-537824FDD2B6}.Ad-Hoc|x64.Deploy.0 = Ad-Hoc|iPhone
		{1BB8ADF0-F341-4CAA-8E16-537824FDD2B6}.Ad-Hoc|x86.ActiveCfg = Ad-Hoc|iPhone
		{1BB8ADF0-F341-4CAA-8E16-537824FDD2B6}.Ad-Hoc|x86.Build.0 = Ad-Hoc|iPhone
		{1BB8ADF0-F341-4CAA-8E16-537824FDD2B6}.Ad-Hoc|x86.Deploy.0 = Ad-Hoc|iPhone
		{1BB8ADF0-F341-4CAA-8E16-537824FDD2B6}.AppStore|Any CPU.ActiveCfg = AppStore|iPhone
		{1BB8ADF0-F341-4CAA-8E16-537824FDD2B6}.AppStore|Any CPU.Build.0 = AppStore|iPhone
		{1BB8ADF0-F341-4CAA-8E16-537824FDD2B6}.AppStore|Any CPU.Deploy.0 = AppStore|iPhone
		{1BB8ADF0-F341-4CAA-8E16-537824FDD2B6}.AppStore|ARM.ActiveCfg = AppStore|iPhone
		{1BB8ADF0-F341-4CAA-8E16-537824FDD2B6}.AppStore|ARM.Build.0 = AppStore|iPhone
		{1BB8ADF0-F341-4CAA-8E16-537824FDD2B6}.AppStore|ARM.Deploy.0 = AppStore|iPhone
		{1BB8ADF0-F341-4CAA-8E16-537824FDD2B6}.AppStore|iPhone.ActiveCfg = AppStore|iPhone
		{1BB8ADF0-F341-4CAA-8E16-537824FDD2B6}.AppStore|iPhone.Build.0 = AppStore|iPhone
		{1BB8ADF0-F341-4CAA-8E16-537824FDD2B6}.AppStore|iPhone.Deploy.0 = AppStore|iPhone
		{1BB8ADF0-F341-4CAA-8E16-537824FDD2B6}.AppStore|iPhoneSimulator.ActiveCfg = AppStore|iPhoneSimulator
		{1BB8ADF0-F341-4CAA-8E16-537824FDD2B6}.AppStore|iPhoneSimulator.Build.0 = AppStore|iPhoneSimulator
		{1BB8ADF0-F341-4CAA-8E16-537824FDD2B6}.AppStore|iPhoneSimulator.Deploy.0 = AppStore|iPhoneSimulator
		{1BB8ADF0-F341-4CAA-8E16-537824FDD2B6}.AppStore|x64.ActiveCfg = AppStore|iPhone
		{1BB8ADF0-F341-4CAA-8E16-537824FDD2B6}.AppStore|x64.Build.0 = AppStore|iPhone
		{1BB8ADF0-F341-4CAA-8E16-537824FDD2B6}.AppStore|x64.Deploy.0 = AppStore|iPhone
		{1BB8ADF0-F341-4CAA-8E16-537824FDD2B6}.AppStore|x86.ActiveCfg = AppStore|iPhone
		{1BB8ADF0-F341-4CAA-8E16-537824FDD2B6}.AppStore|x86.Build.0 = AppStore|iPhone
		{1BB8ADF0-F341-4CAA-8E16-537824FDD2B6}.AppStore|x86.Deploy.0 = AppStore|iPhone
		{1BB8ADF0-F341-4CAA-8E16-537824FDD2B6}.Debug|Any CPU.ActiveCfg = Debug|iPhoneSimulator
		{1BB8ADF0-F341-4CAA-8E16-537824FDD2B6}.Debug|Any CPU.Build.0 = Debug|iPhoneSimulator
		{1BB8ADF0-F341-4CAA-8E16-537824FDD2B6}.Debug|Any CPU.Deploy.0 = Debug|iPhoneSimulator
		{1BB8ADF0-F341-4CAA-8E16-537824FDD2B6}.Debug|ARM.ActiveCfg = Debug|iPhone
		{1BB8ADF0-F341-4CAA-8E16-537824FDD2B6}.Debug|ARM.Build.0 = Debug|iPhone
		{1BB8ADF0-F341-4CAA-8E16-537824FDD2B6}.Debug|ARM.Deploy.0 = Debug|iPhone
		{1BB8ADF0-F341-4CAA-8E16-537824FDD2B6}.Debug|iPhone.ActiveCfg = Debug|iPhone
		{1BB8ADF0-F341-4CAA-8E16-537824FDD2B6}.Debug|iPhone.Build.0 = Debug|iPhone
		{1BB8ADF0-F341-4CAA-8E16-537824FDD2B6}.Debug|iPhone.Deploy.0 = Debug|iPhone
		{1BB8ADF0-F341-4CAA-8E16-537824FDD2B6}.Debug|iPhoneSimulator.ActiveCfg = Debug|iPhoneSimulator
		{1BB8ADF0-F341-4CAA-8E16-537824FDD2B6}.Debug|iPhoneSimulator.Build.0 = Debug|iPhoneSimulator
		{1BB8ADF0-F341-4CAA-8E16-537824FDD2B6}.Debug|iPhoneSimulator.Deploy.0 = Debug|iPhoneSimulator
		{1BB8ADF0-F341-4CAA-8E16-537824FDD2B6}.Debug|x64.ActiveCfg = Debug|iPhone
		{1BB8ADF0-F341-4CAA-8E16-537824FDD2B6}.Debug|x64.Build.0 = Debug|iPhone
		{1BB8ADF0-F341-4CAA-8E16-537824FDD2B6}.Debug|x64.Deploy.0 = Debug|iPhone
		{1BB8ADF0-F341-4CAA-8E16-537824FDD2B6}.Debug|x86.ActiveCfg = Debug|iPhone
		{1BB8ADF0-F341-4CAA-8E16-537824FDD2B6}.Debug|x86.Build.0 = Debug|iPhone
		{1BB8ADF0-F341-4CAA-8E16-537824FDD2B6}.Debug|x86.Deploy.0 = Debug|iPhone
		{1BB8ADF0-F341-4CAA-8E16-537824FDD2B6}.Release|Any CPU.ActiveCfg = Release|iPhone
		{1BB8ADF0-F341-4CAA-8E16-537824FDD2B6}.Release|Any CPU.Build.0 = Release|iPhone
		{1BB8ADF0-F341-4CAA-8E16-537824FDD2B6}.Release|Any CPU.Deploy.0 = Release|iPhone
		{1BB8ADF0-F341-4CAA-8E16-537824FDD2B6}.Release|ARM.ActiveCfg = Release|iPhone
		{1BB8ADF0-F341-4CAA-8E16-537824FDD2B6}.Release|ARM.Build.0 = Release|iPhone
		{1BB8ADF0-F341-4CAA-8E16-537824FDD2B6}.Release|ARM.Deploy.0 = Release|iPhone
		{1BB8ADF0-F341-4CAA-8E16-537824FDD2B6}.Release|iPhone.ActiveCfg = Release|iPhone
		{1BB8ADF0-F341-4CAA-8E16-537824FDD2B6}.Release|iPhone.Build.0 = Release|iPhone
		{1BB8ADF0-F341-4CAA-8E16-537824FDD2B6}.Release|iPhone.Deploy.0 = Release|iPhone
		{1BB8ADF0-F341-4CAA-8E16-537824FDD2B6}.Release|iPhoneSimulator.ActiveCfg = Release|iPhoneSimulator
		{1BB8ADF0-F341-4CAA-8E16-537824FDD2B6}.Release|iPhoneSimulator.Build.0 = Release|iPhoneSimulator
		{1BB8ADF0-F341-4CAA-8E16-537824FDD2B6}.Release|iPhoneSimulator.Deploy.0 = Release|iPhoneSimulator
		{1BB8ADF0-F341-4CAA-8E16-537824FDD2B6}.Release|x64.ActiveCfg = Release|iPhone
		{1BB8ADF0-F341-4CAA-8E16-537824FDD2B6}.Release|x64.Build.0 = Release|iPhone
		{1BB8ADF0-F341-4CAA-8E16-537824FDD2B6}.Release|x64.Deploy.0 = Release|iPhone
		{1BB8ADF0-F341-4CAA-8E16-537824FDD2B6}.Release|x86.ActiveCfg = Release|iPhone
		{1BB8ADF0-F341-4CAA-8E16-537824FDD2B6}.Release|x86.Build.0 = Release|iPhone
		{1BB8ADF0-F341-4CAA-8E16-537824FDD2B6}.Release|x86.Deploy.0 = Release|iPhone
		{73CDE12B-F411-4A9D-AC1F-D3E6B8A8FD57}.Ad-Hoc|Any CPU.ActiveCfg = Release|x86
		{73CDE12B-F411-4A9D-AC1F-D3E6B8A8FD57}.Ad-Hoc|Any CPU.Build.0 = Release|x86
		{73CDE12B-F411-4A9D-AC1F-D3E6B8A8FD57}.Ad-Hoc|Any CPU.Deploy.0 = Release|x86
		{73CDE12B-F411-4A9D-AC1F-D3E6B8A8FD57}.Ad-Hoc|ARM.ActiveCfg = Release|ARM
		{73CDE12B-F411-4A9D-AC1F-D3E6B8A8FD57}.Ad-Hoc|ARM.Build.0 = Release|ARM
		{73CDE12B-F411-4A9D-AC1F-D3E6B8A8FD57}.Ad-Hoc|ARM.Deploy.0 = Release|ARM
		{73CDE12B-F411-4A9D-AC1F-D3E6B8A8FD57}.Ad-Hoc|iPhone.ActiveCfg = Release|x86
		{73CDE12B-F411-4A9D-AC1F-D3E6B8A8FD57}.Ad-Hoc|iPhone.Build.0 = Release|x86
		{73CDE12B-F411-4A9D-AC1F-D3E6B8A8FD57}.Ad-Hoc|iPhone.Deploy.0 = Release|x86
		{73CDE12B-F411-4A9D-AC1F-D3E6B8A8FD57}.Ad-Hoc|iPhoneSimulator.ActiveCfg = Release|x86
		{73CDE12B-F411-4A9D-AC1F-D3E6B8A8FD57}.Ad-Hoc|iPhoneSimulator.Build.0 = Release|x86
		{73CDE12B-F411-4A9D-AC1F-D3E6B8A8FD57}.Ad-Hoc|iPhoneSimulator.Deploy.0 = Release|x86
		{73CDE12B-F411-4A9D-AC1F-D3E6B8A8FD57}.Ad-Hoc|x64.ActiveCfg = Release|x64
		{73CDE12B-F411-4A9D-AC1F-D3E6B8A8FD57}.Ad-Hoc|x64.Build.0 = Release|x64
		{73CDE12B-F411-4A9D-AC1F-D3E6B8A8FD57}.Ad-Hoc|x64.Deploy.0 = Release|x64
		{73CDE12B-F411-4A9D-AC1F-D3E6B8A8FD57}.Ad-Hoc|x86.ActiveCfg = Release|x86
		{73CDE12B-F411-4A9D-AC1F-D3E6B8A8FD57}.Ad-Hoc|x86.Build.0 = Release|x86
		{73CDE12B-F411-4A9D-AC1F-D3E6B8A8FD57}.Ad-Hoc|x86.Deploy.0 = Release|x86
		{73CDE12B-F411-4A9D-AC1F-D3E6B8A8FD57}.AppStore|Any CPU.ActiveCfg = Release|x86
		{73CDE12B-F411-4A9D-AC1F-D3E6B8A8FD57}.AppStore|Any CPU.Build.0 = Release|x86
		{73CDE12B-F411-4A9D-AC1F-D3E6B8A8FD57}.AppStore|Any CPU.Deploy.0 = Release|x86
		{73CDE12B-F411-4A9D-AC1F-D3E6B8A8FD57}.AppStore|ARM.ActiveCfg = Release|ARM
		{73CDE12B-F411-4A9D-AC1F-D3E6B8A8FD57}.AppStore|ARM.Build.0 = Release|ARM
		{73CDE12B-F411-4A9D-AC1F-D3E6B8A8FD57}.AppStore|ARM.Deploy.0 = Release|ARM
		{73CDE12B-F411-4A9D-AC1F-D3E6B8A8FD57}.AppStore|iPhone.ActiveCfg = Release|x86
		{73CDE12B-F411-4A9D-AC1F-D3E6B8A8FD57}.AppStore|iPhone.Build.0 = Release|x86
		{73CDE12B-F411-4A9D-AC1F-D3E6B8A8FD57}.AppStore|iPhone.Deploy.0 = Release|x86
		{73CDE12B-F411-4A9D-AC1F-D3E6B8A8FD57}.AppStore|iPhoneSimulator.ActiveCfg = Release|x86
		{73CDE12B-F411-4A9D-AC1F-D3E6B8A8FD57}.AppStore|iPhoneSimulator.Build.0 = Release|x86
		{73CDE12B-F411-4A9D-AC1F-D3E6B8A8FD57}.AppStore|iPhoneSimulator.Deploy.0 = Release|x86
		{73CDE12B-F411-4A9D-AC1F-D3E6B8A8FD57}.AppStore|x64.ActiveCfg = Release|x64
		{73CDE12B-F411-4A9D-AC1F-D3E6B8A8FD57}.AppStore|x64.Build.0 = Release|x64
		{73CDE12B-F411-4A9D-AC1F-D3E6B8A8FD57}.AppStore|x64.Deploy.0 = Release|x64
		{73CDE12B-F411-4A9D-AC1F-D3E6B8A8FD57}.AppStore|x86.ActiveCfg = Release|x86
		{73CDE12B-F411-4A9D-AC1F-D3E6B8A8FD57}.AppStore|x86.Build.0 = Release|x86
		{73CDE12B-F411-4A9D-AC1F-D3E6B8A8FD57}.AppStore|x86.Deploy.0 = Release|x86
		{73CDE12B-F411-4A9D-AC1F-D3E6B8A8FD57}.Debug|Any CPU.ActiveCfg = Debug|x86
		{73CDE12B-F411-4A9D-AC1F-D3E6B8A8FD57}.Debug|Any CPU.Build.0 = Debug|x86
		{73CDE12B-F411-4A9D-AC1F-D3E6B8A8FD57}.Debug|Any CPU.Deploy.0 = Debug|x86
		{73CDE12B-F411-4A9D-AC1F-D3E6B8A8FD57}.Debug|ARM.ActiveCfg = Debug|ARM
		{73CDE12B-F411-4A9D-AC1F-D3E6B8A8FD57}.Debug|ARM.Build.0 = Debug|ARM
		{73CDE12B-F411-4A9D-AC1F-D3E6B8A8FD57}.Debug|ARM.Deploy.0 = Debug|ARM
		{73CDE12B-F411-4A9D-AC1F-D3E6B8A8FD57}.Debug|iPhone.ActiveCfg = Debug|x86
		{73CDE12B-F411-4A9D-AC1F-D3E6B8A8FD57}.Debug|iPhone.Build.0 = Debug|x86
		{73CDE12B-F411-4A9D-AC1F-D3E6B8A8FD57}.Debug|iPhone.Deploy.0 = Debug|x86
		{73CDE12B-F411-4A9D-AC1F-D3E6B8A8FD57}.Debug|iPhoneSimulator.ActiveCfg = Debug|x86
		{73CDE12B-F411-4A9D-AC1F-D3E6B8A8FD57}.Debug|iPhoneSimulator.Build.0 = Debug|x86
		{73CDE12B-F411-4A9D-AC1F-D3E6B8A8FD57}.Debug|iPhoneSimulator.Deploy.0 = Debug|x86
		{73CDE12B-F411-4A9D-AC1F-D3E6B8A8FD57}.Debug|x64.ActiveCfg = Debug|x64
		{73CDE12B-F411-4A9D-AC1F-D3E6B8A8FD57}.Debug|x64.Build.0 = Debug|x64
		{73CDE12B-F411-4A9D-AC1F-D3E6B8A8FD57}.Debug|x64.Deploy.0 = Debug|x64
		{73CDE12B-F411-4A9D-AC1F-D3E6B8A8FD57}.Debug|x86.ActiveCfg = Debug|x86
		{73CDE12B-F411-4A9D-AC1F-D3E6B8A8FD57}.Debug|x86.Build.0 = Debug|x86
		{73CDE12B-F411-4A9D-AC1F-D3E6B8A8FD57}.Debug|x86.Deploy.0 = Debug|x86
		{73CDE12B-F411-4A9D-AC1F-D3E6B8A8FD57}.Release|Any CPU.ActiveCfg = Release|x86
		{73CDE12B-F411-4A9D-AC1F-D3E6B8A8FD57}.Release|Any CPU.Build.0 = Release|x86
		{73CDE12B-F411-4A9D-AC1F-D3E6B8A8FD57}.Release|Any CPU.Deploy.0 = Release|x86
		{73CDE12B-F411-4A9D-AC1F-D3E6B8A8FD57}.Release|ARM.ActiveCfg = Release|ARM
		{73CDE12B-F411-4A9D-AC1F-D3E6B8A8FD57}.Release|ARM.Build.0 = Release|ARM
		{73CDE12B-F411-4A9D-AC1F-D3E6B8A8FD57}.Release|ARM.Deploy.0 = Release|ARM
		{73CDE12B-F411-4A9D-AC1F-D3E6B8A8FD57}.Release|iPhone.ActiveCfg = Release|x86
		{73CDE12B-F411-4A9D-AC1F-D3E6B8A8FD57}.Release|iPhone.Build.0 = Release|x86
		{73CDE12B-F411-4A9D-AC1F-D3E6B8A8FD57}.Release|iPhone.Deploy.0 = Release|x86
		{73CDE12B-F411-4A9D-AC1F-D3E6B8A8FD57}.Release|iPhoneSimulator.ActiveCfg = Release|x86
		{73CDE12B-F411-4A9D-AC1F-D3E6B8A8FD57}.Release|iPhoneSimulator.Build.0 = Release|x86
		{73CDE12B-F411-4A9D-AC1F-D3E6B8A8FD57}.Release|iPhoneSimulator.Deploy.0 = Release|x86
		{73CDE12B-F411-4A9D-AC1F-D3E6B8A8FD57}.Release|x64.ActiveCfg = Release|x64
		{73CDE12B-F411-4A9D-AC1F-D3E6B8A8FD57}.Release|x64.Build.0 = Release|x64
		{73CDE12B-F411-4A9D-AC1F-D3E6B8A8FD57}.Release|x64.Deploy.0 = Release|x64
		{73CDE12B-F411-4A9D-AC1F-D3E6B8A8FD57}.Release|x86.ActiveCfg = Release|x86
		{73CDE12B-F411-4A9D-AC1F-D3E6B8A8FD57}.Release|x86.Build.0 = Release|x86
		{73CDE12B-F411-4A9D-AC1F-D3E6B8A8FD57}.Release|x86.Deploy.0 = Release|x86
		{ABD8BF48-2B0F-4E86-8B6D-47C313260E96}.Ad-Hoc|Any CPU.ActiveCfg = Debug|Any CPU
		{ABD8BF48-2B0F-4E86-8B6D-47C313260E96}.Ad-Hoc|Any CPU.Build.0 = Debug|Any CPU
		{ABD8BF48-2B0F-4E86-8B6D-47C313260E96}.Ad-Hoc|Any CPU.Deploy.0 = Debug|Any CPU
		{ABD8BF48-2B0F-4E86-8B6D-47C313260E96}.Ad-Hoc|ARM.ActiveCfg = Debug|Any CPU
		{ABD8BF48-2B0F-4E86-8B6D-47C313260E96}.Ad-Hoc|ARM.Build.0 = Debug|Any CPU
		{ABD8BF48-2B0F-4E86-8B6D-47C313260E96}.Ad-Hoc|ARM.Deploy.0 = Debug|Any CPU
		{ABD8BF48-2B0F-4E86-8B6D-47C313260E96}.Ad-Hoc|iPhone.ActiveCfg = Debug|Any CPU
		{ABD8BF48-2B0F-4E86-8B6D-47C313260E96}.Ad-Hoc|iPhone.Build.0 = Debug|Any CPU
		{ABD8BF48-2B0F-4E86-8B6D-47C313260E96}.Ad-Hoc|iPhone.Deploy.0 = Debug|Any CPU
		{ABD8BF48-2B0F-4E86-8B6D-47C313260E96}.Ad-Hoc|iPhoneSimulator.ActiveCfg = Debug|Any CPU
		{ABD8BF48-2B0F-4E86-8B6D-47C313260E96}.Ad-Hoc|iPhoneSimulator.Build.0 = Debug|Any CPU
		{ABD8BF48-2B0F-4E86-8B6D-47C313260E96}.Ad-Hoc|iPhoneSimulator.Deploy.0 = Debug|Any CPU
		{ABD8BF48-2B0F-4E86-8B6D-47C313260E96}.Ad-Hoc|x64.ActiveCfg = Debug|Any CPU
		{ABD8BF48-2B0F-4E86-8B6D-47C313260E96}.Ad-Hoc|x64.Build.0 = Debug|Any CPU
		{ABD8BF48-2B0F-4E86-8B6D-47C313260E96}.Ad-Hoc|x64.Deploy.0 = Debug|Any CPU
		{ABD8BF48-2B0F-4E86-8B6D-47C313260E96}.Ad-Hoc|x86.ActiveCfg = Debug|Any CPU
		{ABD8BF48-2B0F-4E86-8B6D-47C313260E96}.Ad-Hoc|x86.Build.0 = Debug|Any CPU
		{ABD8BF48-2B0F-4E86-8B6D-47C313260E96}.Ad-Hoc|x86.Deploy.0 = Debug|Any CPU
		{ABD8BF48-2B0F-4E86-8B6D-47C313260E96}.AppStore|Any CPU.ActiveCfg = Debug|Any CPU
		{ABD8BF48-2B0F-4E86-8B6D-47C313260E96}.AppStore|Any CPU.Build.0 = Debug|Any CPU
		{ABD8BF48-2B0F-4E86-8B6D-47C313260E96}.AppStore|Any CPU.Deploy.0 = Debug|Any CPU
		{ABD8BF48-2B0F-4E86-8B6D-47C313260E96}.AppStore|ARM.ActiveCfg = Debug|Any CPU
		{ABD8BF48-2B0F-4E86-8B6D-47C313260E96}.AppStore|ARM.Build.0 = Debug|Any CPU
		{ABD8BF48-2B0F-4E86-8B6D-47C313260E96}.AppStore|ARM.Deploy.0 = Debug|Any CPU
		{ABD8BF48-2B0F-4E86-8B6D-47C313260E96}.AppStore|iPhone.ActiveCfg = Debug|Any CPU
		{ABD8BF48-2B0F-4E86-8B6D-47C313260E96}.AppStore|iPhone.Build.0 = Debug|Any CPU
		{ABD8BF48-2B0F-4E86-8B6D-47C313260E96}.AppStore|iPhone.Deploy.0 = Debug|Any CPU
		{ABD8BF48-2B0F-4E86-8B6D-47C313260E96}.AppStore|iPhoneSimulator.ActiveCfg = Debug|Any CPU
		{ABD8BF48-2B0F-4E86-8B6D-47C313260E96}.AppStore|iPhoneSimulator.Build.0 = Debug|Any CPU
		{ABD8BF48-2B0F-4E86-8B6D-47C313260E96}.AppStore|iPhoneSimulator.Deploy.0 = Debug|Any CPU
		{ABD8BF48-2B0F-4E86-8B6D-47C313260E96}.AppStore|x64.ActiveCfg = Debug|Any CPU
		{ABD8BF48-2B0F-4E86-8B6D-47C313260E96}.AppStore|x64.Build.0 = Debug|Any CPU
		{ABD8BF48-2B0F-4E86-8B6D-47C313260E96}.AppStore|x64.Deploy.0 = Debug|Any CPU
		{ABD8BF48-2B0F-4E86-8B6D-47C313260E96}.AppStore|x86.ActiveCfg = Debug|Any CPU
		{ABD8BF48-2B0F-4E86-8B6D-47C313260E96}.AppStore|x86.Build.0 = Debug|Any CPU
		{ABD8BF48-2B0F-4E86-8B6D-47C313260E96}.AppStore|x86.Deploy.0 = Debug|Any CPU
		{ABD8BF48-2B0F-4E86-8B6D-47C313260E96}.Debug|Any CPU.ActiveCfg = Debug|Any CPU
		{ABD8BF48-2B0F-4E86-8B6D-47C313260E96}.Debug|Any CPU.Build.0 = Debug|Any CPU
		{ABD8BF48-2B0F-4E86-8B6D-47C313260E96}.Debug|Any CPU.Deploy.0 = Debug|Any CPU
		{ABD8BF48-2B0F-4E86-8B6D-47C313260E96}.Debug|ARM.ActiveCfg = Debug|Any CPU
		{ABD8BF48-2B0F-4E86-8B6D-47C313260E96}.Debug|ARM.Build.0 = Debug|Any CPU
		{ABD8BF48-2B0F-4E86-8B6D-47C313260E96}.Debug|ARM.Deploy.0 = Debug|Any CPU
		{ABD8BF48-2B0F-4E86-8B6D-47C313260E96}.Debug|iPhone.ActiveCfg = Debug|Any CPU
		{ABD8BF48-2B0F-4E86-8B6D-47C313260E96}.Debug|iPhone.Build.0 = Debug|Any CPU
		{ABD8BF48-2B0F-4E86-8B6D-47C313260E96}.Debug|iPhone.Deploy.0 = Debug|Any CPU
		{ABD8BF48-2B0F-4E86-8B6D-47C313260E96}.Debug|iPhoneSimulator.ActiveCfg = Debug|Any CPU
		{ABD8BF48-2B0F-4E86-8B6D-47C313260E96}.Debug|iPhoneSimulator.Build.0 = Debug|Any CPU
		{ABD8BF48-2B0F-4E86-8B6D-47C313260E96}.Debug|iPhoneSimulator.Deploy.0 = Debug|Any CPU
		{ABD8BF48-2B0F-4E86-8B6D-47C313260E96}.Debug|x64.ActiveCfg = Debug|Any CPU
		{ABD8BF48-2B0F-4E86-8B6D-47C313260E96}.Debug|x64.Build.0 = Debug|Any CPU
		{ABD8BF48-2B0F-4E86-8B6D-47C313260E96}.Debug|x64.Deploy.0 = Debug|Any CPU
		{ABD8BF48-2B0F-4E86-8B6D-47C313260E96}.Debug|x86.ActiveCfg = Debug|Any CPU
		{ABD8BF48-2B0F-4E86-8B6D-47C313260E96}.Debug|x86.Build.0 = Debug|Any CPU
		{ABD8BF48-2B0F-4E86-8B6D-47C313260E96}.Debug|x86.Deploy.0 = Debug|Any CPU
		{ABD8BF48-2B0F-4E86-8B6D-47C313260E96}.Release|Any CPU.ActiveCfg = Release|Any CPU
		{ABD8BF48-2B0F-4E86-8B6D-47C313260E96}.Release|Any CPU.Build.0 = Release|Any CPU
		{ABD8BF48-2B0F-4E86-8B6D-47C313260E96}.Release|Any CPU.Deploy.0 = Release|Any CPU
		{ABD8BF48-2B0F-4E86-8B6D-47C313260E96}.Release|ARM.ActiveCfg = Release|Any CPU
		{ABD8BF48-2B0F-4E86-8B6D-47C313260E96}.Release|ARM.Build.0 = Release|Any CPU
		{ABD8BF48-2B0F-4E86-8B6D-47C313260E96}.Release|ARM.Deploy.0 = Release|Any CPU
		{ABD8BF48-2B0F-4E86-8B6D-47C313260E96}.Release|iPhone.ActiveCfg = Release|Any CPU
		{ABD8BF48-2B0F-4E86-8B6D-47C313260E96}.Release|iPhone.Build.0 = Release|Any CPU
		{ABD8BF48-2B0F-4E86-8B6D-47C313260E96}.Release|iPhone.Deploy.0 = Release|Any CPU
		{ABD8BF48-2B0F-4E86-8B6D-47C313260E96}.Release|iPhoneSimulator.ActiveCfg = Release|Any CPU
		{ABD8BF48-2B0F-4E86-8B6D-47C313260E96}.Release|iPhoneSimulator.Build.0 = Release|Any CPU
		{ABD8BF48-2B0F-4E86-8B6D-47C313260E96}.Release|iPhoneSimulator.Deploy.0 = Release|Any CPU
		{ABD8BF48-2B0F-4E86-8B6D-47C313260E96}.Release|x64.ActiveCfg = Release|Any CPU
		{ABD8BF48-2B0F-4E86-8B6D-47C313260E96}.Release|x64.Build.0 = Release|Any CPU
		{ABD8BF48-2B0F-4E86-8B6D-47C313260E96}.Release|x64.Deploy.0 = Release|Any CPU
		{ABD8BF48-2B0F-4E86-8B6D-47C313260E96}.Release|x86.ActiveCfg = Release|Any CPU
		{ABD8BF48-2B0F-4E86-8B6D-47C313260E96}.Release|x86.Build.0 = Release|Any CPU
		{ABD8BF48-2B0F-4E86-8B6D-47C313260E96}.Release|x86.Deploy.0 = Release|Any CPU
	EndGlobalSection
	GlobalSection(SolutionProperties) = preSolution
		HideSolutionNode = FALSE
	EndGlobalSection
	GlobalSection(ExtensibilityGlobals) = postSolution
		SolutionGuid = {2E3F837D-0FDF-41CB-9F8C-4C6A29A6E88C}
	EndGlobalSection
EndGlobal
